
Microsoft Visual Studio Solution File, Format Version 12.00
# Visual Studio Version 17
VisualStudioVersion = 17.0.31903.59
MinimumVisualStudioVersion = 10.0.40219.1
Project("{2150E333-8FDC-42A3-9474-1A3956D46DE8}") = "src", "src", "{827E0CD3-B72D-47B6-A68D-7590B98EB39B}"
EndProject
Project("{FAE04EC0-301F-11D3-BF4B-00C04F79EFBC}") = "ProjectJA.Host", "src\ProjectJA.Host\ProjectJA.Host.csproj", "{C4269C5F-CC2E-499C-87CF-992533FB9EAF}"
EndProject
Project("{FAE04EC0-301F-11D3-BF4B-00C04F79EFBC}") = "ProjectJA.SharedKernel", "src\ProjectJA.SharedKernel\ProjectJA.SharedKernel.csproj", "{DC07EAC6-347B-4AD5-B199-3356AEE30FF4}"
EndProject
Project("{FAE04EC0-301F-11D3-BF4B-00C04F79EFBC}") = "ProjectJA.Infrastructure", "src\ProjectJA.Infrastructure\ProjectJA.Infrastructure.csproj", "{5847113E-7529-4C34-8400-9EB3CB778DE1}"
EndProject
Project("{FAE04EC0-301F-11D3-BF4B-00C04F79EFBC}") = "ProjectJA.Modules.Identity", "src\Modules\ProjectJA.Modules.Identity\ProjectJA.Modules.Identity.csproj", "{6849539D-5E41-4F8D-B40C-7DE8E4CC2105}"
EndProject
Project("{FAE04EC0-301F-11D3-BF4B-00C04F79EFBC}") = "ProjectJA.Modules.Projects", "src\Modules\ProjectJA.Modules.Projects\ProjectJA.Modules.Projects.csproj", "{19A6D4B6-4640-4241-A7C5-D6ED6F632B4B}"
EndProject
Project("{FAE04EC0-301F-11D3-BF4B-00C04F79EFBC}") = "ProjectJA.Modules.Issues", "src\Modules\ProjectJA.Modules.Issues\ProjectJA.Modules.Issues.csproj", "{8304FB44-671C-4521-97B8-87868ED08D82}"
EndProject
Project("{FAE04EC0-301F-11D3-BF4B-00C04F79EFBC}") = "ProjectJA.Modules.Workflows", "src\Modules\ProjectJA.Modules.Workflows\ProjectJA.Modules.Workflows.csproj", "{A2AD8671-B4D7-4A49-858C-BE0760297174}"
EndProject
Project("{FAE04EC0-301F-11D3-BF4B-00C04F79EFBC}") = "ProjectJA.Modules.Boards", "src\Modules\ProjectJA.Modules.Boards\ProjectJA.Modules.Boards.csproj", "{B5515505-A3EB-4766-BD43-6312AC7D772D}"
EndProject
Project("{FAE04EC0-301F-11D3-BF4B-00C04F79EFBC}") = "ProjectJA.Modules.Search", "src\Modules\ProjectJA.Modules.Search\ProjectJA.Modules.Search.csproj", "{408BBF0D-EAE0-48FE-926B-CA76511D4456}"
EndProject
Project("{FAE04EC0-301F-11D3-BF4B-00C04F79EFBC}") = "ProjectJA.Modules.Notifications", "src\Modules\ProjectJA.Modules.Notifications\ProjectJA.Modules.Notifications.csproj", "{86B2AF0A-A138-427E-A5DD-5BE6226E8746}"
EndProject
Project("{FAE04EC0-301F-11D3-BF4B-00C04F79EFBC}") = "ProjectJA.Modules.Audit", "src\Modules\ProjectJA.Modules.Audit\ProjectJA.Modules.Audit.csproj", "{D6974280-8A12-48CD-AA85-635337A4DF90}"
EndProject
Project("{FAE04EC0-301F-11D3-BF4B-00C04F79EFBC}") = "ProjectJA.UnitTests", "tests\ProjectJA.UnitTests\ProjectJA.UnitTests.csproj", "{94073761-C239-4C7F-B79C-F8C888F239FF}"
EndProject
Project("{FAE04EC0-301F-11D3-BF4B-00C04F79EFBC}") = "ProjectJA.IntegrationTests", "tests\ProjectJA.IntegrationTests\ProjectJA.IntegrationTests.csproj", "{6F836DD6-6EB4-4D1E-87B7-35A3EEADBB16}"
EndProject
Project("{FAE04EC0-301F-11D3-BF4B-00C04F79EFBC}") = "ProjectJA.ArchitectureTests", "tests\ProjectJA.ArchitectureTests\ProjectJA.ArchitectureTests.csproj", "{B0548109-677F-42C0-9928-2D8B6B12CFC8}"
EndProject
Project("{FAE04EC0-301F-11D3-BF4B-00C04F79EFBC}") = "ProjectJA.Tools.Provisioning", "tools\Provisioning\ProjectJA.Tools.Provisioning.csproj", "{8BD1DF22-2605-43C8-95EA-57AA4DD3D35A}"
EndProject
Project("{FAE04EC0-301F-11D3-BF4B-00C04F79EFBC}") = "ProjectJA.Tools.Migrator", "tools\Migrator\ProjectJA.Tools.Migrator.csproj", "{E643C9EB-EDE2-4625-9BA9-83032F07D3C9}"
EndProject
Global
	GlobalSection(SolutionConfigurationPlatforms) = preSolution
		Debug|Any CPU = Debug|Any CPU
		Debug|x64 = Debug|x64
		Debug|x86 = Debug|x86
		Release|Any CPU = Release|Any CPU
		Release|x64 = Release|x64
		Release|x86 = Release|x86
	EndGlobalSection
	GlobalSection(ProjectConfigurationPlatforms) = postSolution
		{C4269C5F-CC2E-499C-87CF-992533FB9EAF}.Debug|Any CPU.ActiveCfg = Debug|Any CPU
		{C4269C5F-CC2E-499C-87CF-992533FB9EAF}.Debug|Any CPU.Build.0 = Debug|Any CPU
		{C4269C5F-CC2E-499C-87CF-992533FB9EAF}.Debug|x64.ActiveCfg = Debug|Any CPU
		{C4269C5F-CC2E-499C-87CF-992533FB9EAF}.Debug|x64.Build.0 = Debug|Any CPU
		{C4269C5F-CC2E-499C-87CF-992533FB9EAF}.Debug|x86.ActiveCfg = Debug|Any CPU
		{C4269C5F-CC2E-499C-87CF-992533FB9EAF}.Debug|x86.Build.0 = Debug|Any CPU
		{C4269C5F-CC2E-499C-87CF-992533FB9EAF}.Release|Any CPU.ActiveCfg = Release|Any CPU
		{C4269C5F-CC2E-499C-87CF-992533FB9EAF}.Release|Any CPU.Build.0 = Release|Any CPU
		{C4269C5F-CC2E-499C-87CF-992533FB9EAF}.Release|x64.ActiveCfg = Release|Any CPU
		{C4269C5F-CC2E-499C-87CF-992533FB9EAF}.Release|x64.Build.0 = Release|Any CPU
		{C4269C5F-CC2E-499C-87CF-992533FB9EAF}.Release|x86.ActiveCfg = Release|Any CPU
		{C4269C5F-CC2E-499C-87CF-992533FB9EAF}.Release|x86.Build.0 = Release|Any CPU
		{DC07EAC6-347B-4AD5-B199-3356AEE30FF4}.Debug|Any CPU.ActiveCfg = Debug|Any CPU
		{DC07EAC6-347B-4AD5-B199-3356AEE30FF4}.Debug|Any CPU.Build.0 = Debug|Any CPU
		{DC07EAC6-347B-4AD5-B199-3356AEE30FF4}.Debug|x64.ActiveCfg = Debug|Any CPU
		{DC07EAC6-347B-4AD5-B199-3356AEE30FF4}.Debug|x64.Build.0 = Debug|Any CPU
		{DC07EAC6-347B-4AD5-B199-3356AEE30FF4}.Debug|x86.ActiveCfg = Debug|Any CPU
		{DC07EAC6-347B-4AD5-B199-3356AEE30FF4}.Debug|x86.Build.0 = Debug|Any CPU
		{DC07EAC6-347B-4AD5-B199-3356AEE30FF4}.Release|Any CPU.ActiveCfg = Release|Any CPU
		{DC07EAC6-347B-4AD5-B199-3356AEE30FF4}.Release|Any CPU.Build.0 = Release|Any CPU
		{DC07EAC6-347B-4AD5-B199-3356AEE30FF4}.Release|x64.ActiveCfg = Release|Any CPU
		{DC07EAC6-347B-4AD5-B199-3356AEE30FF4}.Release|x64.Build.0 = Release|Any CPU
		{DC07EAC6-347B-4AD5-B199-3356AEE30FF4}.Release|x86.ActiveCfg = Release|Any CPU
		{DC07EAC6-347B-4AD5-B199-3356AEE30FF4}.Release|x86.Build.0 = Release|Any CPU
		{5847113E-7529-4C34-8400-9EB3CB778DE1}.Debug|Any CPU.ActiveCfg = Debug|Any CPU
		{5847113E-7529-4C34-8400-9EB3CB778DE1}.Debug|Any CPU.Build.0 = Debug|Any CPU
		{5847113E-7529-4C34-8400-9EB3CB778DE1}.Debug|x64.ActiveCfg = Debug|Any CPU
		{5847113E-7529-4C34-8400-9EB3CB778DE1}.Debug|x64.Build.0 = Debug|Any CPU
		{5847113E-7529-4C34-8400-9EB3CB778DE1}.Debug|x86.ActiveCfg = Debug|Any CPU
		{5847113E-7529-4C34-8400-9EB3CB778DE1}.Debug|x86.Build.0 = Debug|Any CPU
		{5847113E-7529-4C34-8400-9EB3CB778DE1}.Release|Any CPU.ActiveCfg = Release|Any CPU
		{5847113E-7529-4C34-8400-9EB3CB778DE1}.Release|Any CPU.Build.0 = Release|Any CPU
		{5847113E-7529-4C34-8400-9EB3CB778DE1}.Release|x64.ActiveCfg = Release|Any CPU
		{5847113E-7529-4C34-8400-9EB3CB778DE1}.Release|x64.Build.0 = Release|Any CPU
		{5847113E-7529-4C34-8400-9EB3CB778DE1}.Release|x86.ActiveCfg = Release|Any CPU
		{5847113E-7529-4C34-8400-9EB3CB778DE1}.Release|x86.Build.0 = Release|Any CPU
		{6849539D-5E41-4F8D-B40C-7DE8E4CC2105}.Debug|Any CPU.ActiveCfg = Debug|Any CPU
		{6849539D-5E41-4F8D-B40C-7DE8E4CC2105}.Debug|Any CPU.Build.0 = Debug|Any CPU
		{6849539D-5E41-4F8D-B40C-7DE8E4CC2105}.Debug|x64.ActiveCfg = Debug|Any CPU
		{6849539D-5E41-4F8D-B40C-7DE8E4CC2105}.Debug|x64.Build.0 = Debug|Any CPU
		{6849539D-5E41-4F8D-B40C-7DE8E4CC2105}.Debug|x86.ActiveCfg = Debug|Any CPU
		{6849539D-5E41-4F8D-B40C-7DE8E4CC2105}.Debug|x86.Build.0 = Debug|Any CPU
		{6849539D-5E41-4F8D-B40C-7DE8E4CC2105}.Release|Any CPU.ActiveCfg = Release|Any CPU
		{6849539D-5E41-4F8D-B40C-7DE8E4CC2105}.Release|Any CPU.Build.0 = Release|Any CPU
		{6849539D-5E41-4F8D-B40C-7DE8E4CC2105}.Release|x64.ActiveCfg = Release|Any CPU
		{6849539D-5E41-4F8D-B40C-7DE8E4CC2105}.Release|x64.Build.0 = Release|Any CPU
		{6849539D-5E41-4F8D-B40C-7DE8E4CC2105}.Release|x86.ActiveCfg = Release|Any CPU
		{6849539D-5E41-4F8D-B40C-7DE8E4CC2105}.Release|x86.Build.0 = Release|Any CPU
		{19A6D4B6-4640-4241-A7C5-D6ED6F632B4B}.Debug|Any CPU.ActiveCfg = Debug|Any CPU
		{19A6D4B6-4640-4241-A7C5-D6ED6F632B4B}.Debug|Any CPU.Build.0 = Debug|Any CPU
		{19A6D4B6-4640-4241-A7C5-D6ED6F632B4B}.Debug|x64.ActiveCfg = Debug|Any CPU
		{19A6D4B6-4640-4241-A7C5-D6ED6F632B4B}.Debug|x64.Build.0 = Debug|Any CPU
		{19A6D4B6-4640-4241-A7C5-D6ED6F632B4B}.Debug|x86.ActiveCfg = Debug|Any CPU
		{19A6D4B6-4640-4241-A7C5-D6ED6F632B4B}.Debug|x86.Build.0 = Debug|Any CPU
		{19A6D4B6-4640-4241-A7C5-D6ED6F632B4B}.Release|Any CPU.ActiveCfg = Release|Any CPU
		{19A6D4B6-4640-4241-A7C5-D6ED6F632B4B}.Release|Any CPU.Build.0 = Release|Any CPU
		{19A6D4B6-4640-4241-A7C5-D6ED6F632B4B}.Release|x64.ActiveCfg = Release|Any CPU
		{19A6D4B6-4640-4241-A7C5-D6ED6F632B4B}.Release|x64.Build.0 = Release|Any CPU
		{19A6D4B6-4640-4241-A7C5-D6ED6F632B4B}.Release|x86.ActiveCfg = Release|Any CPU
		{19A6D4B6-4640-4241-A7C5-D6ED6F632B4B}.Release|x86.Build.0 = Release|Any CPU
		{8304FB44-671C-4521-97B8-87868ED08D82}.Debug|Any CPU.ActiveCfg = Debug|Any CPU
		{8304FB44-671C-4521-97B8-87868ED08D82}.Debug|Any CPU.Build.0 = Debug|Any CPU
		{8304FB44-671C-4521-97B8-87868ED08D82}.Debug|x64.ActiveCfg = Debug|Any CPU
		{8304FB44-671C-4521-97B8-87868ED08D82}.Debug|x64.Build.0 = Debug|Any CPU
		{8304FB44-671C-4521-97B8-87868ED08D82}.Debug|x86.ActiveCfg = Debug|Any CPU
		{8304FB44-671C-4521-97B8-87868ED08D82}.Debug|x86.Build.0 = Debug|Any CPU
		{8304FB44-671C-4521-97B8-87868ED08D82}.Release|Any CPU.ActiveCfg = Release|Any CPU
		{8304FB44-671C-4521-97B8-87868ED08D82}.Release|Any CPU.Build.0 = Release|Any CPU
		{8304FB44-671C-4521-97B8-87868ED08D82}.Release|x64.ActiveCfg = Release|Any CPU
		{8304FB44-671C-4521-97B8-87868ED08D82}.Release|x64.Build.0 = Release|Any CPU
		{8304FB44-671C-4521-97B8-87868ED08D82}.Release|x86.ActiveCfg = Release|Any CPU
		{8304FB44-671C-4521-97B8-87868ED08D82}.Release|x86.Build.0 = Release|Any CPU
		{A2AD8671-B4D7-4A49-858C-BE0760297174}.Debug|Any CPU.ActiveCfg = Debug|Any CPU
		{A2AD8671-B4D7-4A49-858C-BE0760297174}.Debug|Any CPU.Build.0 = Debug|Any CPU
		{A2AD8671-B4D7-4A49-858C-BE0760297174}.Debug|x64.ActiveCfg = Debug|Any CPU
		{A2AD8671-B4D7-4A49-858C-BE0760297174}.Debug|x64.Build.0 = Debug|Any CPU
		{A2AD8671-B4D7-4A49-858C-BE0760297174}.Debug|x86.ActiveCfg = Debug|Any CPU
		{A2AD8671-B4D7-4A49-858C-BE0760297174}.Debug|x86.Build.0 = Debug|Any CPU
		{A2AD8671-B4D7-4A49-858C-BE0760297174}.Release|Any CPU.ActiveCfg = Release|Any CPU
		{A2AD8671-B4D7-4A49-858C-BE0760297174}.Release|Any CPU.Build.0 = Release|Any CPU
		{A2AD8671-B4D7-4A49-858C-BE0760297174}.Release|x64.ActiveCfg = Release|Any CPU
		{A2AD8671-B4D7-4A49-858C-BE0760297174}.Release|x64.Build.0 = Release|Any CPU
		{A2AD8671-B4D7-4A49-858C-BE0760297174}.Release|x86.ActiveCfg = Release|Any CPU
		{A2AD8671-B4D7-4A49-858C-BE0760297174}.Release|x86.Build.0 = Release|Any CPU
		{B5515505-A3EB-4766-BD43-6312AC7D772D}.Debug|Any CPU.ActiveCfg = Debug|Any CPU
		{B5515505-A3EB-4766-BD43-6312AC7D772D}.Debug|Any CPU.Build.0 = Debug|Any CPU
		{B5515505-A3EB-4766-BD43-6312AC7D772D}.Debug|x64.ActiveCfg = Debug|Any CPU
		{B5515505-A3EB-4766-BD43-6312AC7D772D}.Debug|x64.Build.0 = Debug|Any CPU
		{B5515505-A3EB-4766-BD43-6312AC7D772D}.Debug|x86.ActiveCfg = Debug|Any CPU
		{B5515505-A3EB-4766-BD43-6312AC7D772D}.Debug|x86.Build.0 = Debug|Any CPU
		{B5515505-A3EB-4766-BD43-6312AC7D772D}.Release|Any CPU.ActiveCfg = Release|Any CPU
		{B5515505-A3EB-4766-BD43-6312AC7D772D}.Release|Any CPU.Build.0 = Release|Any CPU
		{B5515505-A3EB-4766-BD43-6312AC7D772D}.Release|x64.ActiveCfg = Release|Any CPU
		{B5515505-A3EB-4766-BD43-6312AC7D772D}.Release|x64.Build.0 = Release|Any CPU
		{B5515505-A3EB-4766-BD43-6312AC7D772D}.Release|x86.ActiveCfg = Release|Any CPU
		{B5515505-A3EB-4766-BD43-6312AC7D772D}.Release|x86.Build.0 = Release|Any CPU
		{408BBF0D-EAE0-48FE-926B-CA76511D4456}.Debug|Any CPU.ActiveCfg = Debug|Any CPU
		{408BBF0D-EAE0-48FE-926B-CA76511D4456}.Debug|Any CPU.Build.0 = Debug|Any CPU
		{408BBF0D-EAE0-48FE-926B-CA76511D4456}.Debug|x64.ActiveCfg = Debug|Any CPU
		{408BBF0D-EAE0-48FE-926B-CA76511D4456}.Debug|x64.Build.0 = Debug|Any CPU
		{408BBF0D-EAE0-48FE-926B-CA76511D4456}.Debug|x86.ActiveCfg = Debug|Any CPU
		{408BBF0D-EAE0-48FE-926B-CA76511D4456}.Debug|x86.Build.0 = Debug|Any CPU
		{408BBF0D-EAE0-48FE-926B-CA76511D4456}.Release|Any CPU.ActiveCfg = Release|Any CPU
		{408BBF0D-EAE0-48FE-926B-CA76511D4456}.Release|Any CPU.Build.0 = Release|Any CPU
		{408BBF0D-EAE0-48FE-926B-CA76511D4456}.Release|x64.ActiveCfg = Release|Any CPU
		{408BBF0D-EAE0-48FE-926B-CA76511D4456}.Release|x64.Build.0 = Release|Any CPU
		{408BBF0D-EAE0-48FE-926B-CA76511D4456}.Release|x86.ActiveCfg = Release|Any CPU
		{408BBF0D-EAE0-48FE-926B-CA76511D4456}.Release|x86.Build.0 = Release|Any CPU
		{86B2AF0A-A138-427E-A5DD-5BE6226E8746}.Debug|Any CPU.ActiveCfg = Debug|Any CPU
		{86B2AF0A-A138-427E-A5DD-5BE6226E8746}.Debug|Any CPU.Build.0 = Debug|Any CPU
		{86B2AF0A-A138-427E-A5DD-5BE6226E8746}.Debug|x64.ActiveCfg = Debug|Any CPU
		{86B2AF0A-A138-427E-A5DD-5BE6226E8746}.Debug|x64.Build.0 = Debug|Any CPU
		{86B2AF0A-A138-427E-A5DD-5BE6226E8746}.Debug|x86.ActiveCfg = Debug|Any CPU
		{86B2AF0A-A138-427E-A5DD-5BE6226E8746}.Debug|x86.Build.0 = Debug|Any CPU
		{86B2AF0A-A138-427E-A5DD-5BE6226E8746}.Release|Any CPU.ActiveCfg = Release|Any CPU
		{86B2AF0A-A138-427E-A5DD-5BE6226E8746}.Release|Any CPU.Build.0 = Release|Any CPU
		{86B2AF0A-A138-427E-A5DD-5BE6226E8746}.Release|x64.ActiveCfg = Release|Any CPU
		{86B2AF0A-A138-427E-A5DD-5BE6226E8746}.Release|x64.Build.0 = Release|Any CPU
		{86B2AF0A-A138-427E-A5DD-5BE6226E8746}.Release|x86.ActiveCfg = Release|Any CPU
		{86B2AF0A-A138-427E-A5DD-5BE6226E8746}.Release|x86.Build.0 = Release|Any CPU
		{D6974280-8A12-48CD-AA85-635337A4DF90}.Debug|Any CPU.ActiveCfg = Debug|Any CPU
		{D6974280-8A12-48CD-AA85-635337A4DF90}.Debug|Any CPU.Build.0 = Debug|Any CPU
		{D6974280-8A12-48CD-AA85-635337A4DF90}.Debug|x64.ActiveCfg = Debug|Any CPU
		{D6974280-8A12-48CD-AA85-635337A4DF90}.Debug|x64.Build.0 = Debug|Any CPU
		{D6974280-8A12-48CD-AA85-635337A4DF90}.Debug|x86.ActiveCfg = Debug|Any CPU
		{D6974280-8A12-48CD-AA85-635337A4DF90}.Debug|x86.Build.0 = Debug|Any CPU
		{D6974280-8A12-48CD-AA85-635337A4DF90}.Release|Any CPU.ActiveCfg = Release|Any CPU
		{D6974280-8A12-48CD-AA85-635337A4DF90}.Release|Any CPU.Build.0 = Release|Any CPU
		{D6974280-8A12-48CD-AA85-635337A4DF90}.Release|x64.ActiveCfg = Release|Any CPU
		{D6974280-8A12-48CD-AA85-635337A4DF90}.Release|x64.Build.0 = Release|Any CPU
		{D6974280-8A12-48CD-AA85-635337A4DF90}.Release|x86.ActiveCfg = Release|Any CPU
		{D6974280-8A12-48CD-AA85-635337A4DF90}.Release|x86.Build.0 = Release|Any CPU
		{94073761-C239-4C7F-B79C-F8C888F239FF}.Debug|Any CPU.ActiveCfg = Debug|Any CPU
		{94073761-C239-4C7F-B79C-F8C888F239FF}.Debug|Any CPU.Build.0 = Debug|Any CPU
		{94073761-C239-4C7F-B79C-F8C888F239FF}.Debug|x64.ActiveCfg = Debug|Any CPU
		{94073761-C239-4C7F-B79C-F8C888F239FF}.Debug|x64.Build.0 = Debug|Any CPU
		{94073761-C239-4C7F-B79C-F8C888F239FF}.Debug|x86.ActiveCfg = Debug|Any CPU
		{94073761-C239-4C7F-B79C-F8C888F239FF}.Debug|x86.Build.0 = Debug|Any CPU
		{94073761-C239-4C7F-B79C-F8C888F239FF}.Release|Any CPU.ActiveCfg = Release|Any CPU
		{94073761-C239-4C7F-B79C-F8C888F239FF}.Release|Any CPU.Build.0 = Release|Any CPU
		{94073761-C239-4C7F-B79C-F8C888F239FF}.Release|x64.ActiveCfg = Release|Any CPU
		{94073761-C239-4C7F-B79C-F8C888F239FF}.Release|x64.Build.0 = Release|Any CPU
		{94073761-C239-4C7F-B79C-F8C888F239FF}.Release|x86.ActiveCfg = Release|Any CPU
		{94073761-C239-4C7F-B79C-F8C888F239FF}.Release|x86.Build.0 = Release|Any CPU
		{6F836DD6-6EB4-4D1E-87B7-35A3EEADBB16}.Debug|Any CPU.ActiveCfg = Debug|Any CPU
		{6F836DD6-6EB4-4D1E-87B7-35A3EEADBB16}.Debug|Any CPU.Build.0 = Debug|Any CPU
		{6F836DD6-6EB4-4D1E-87B7-35A3EEADBB16}.Debug|x64.ActiveCfg = Debug|Any CPU
		{6F836DD6-6EB4-4D1E-87B7-35A3EEADBB16}.Debug|x64.Build.0 = Debug|Any CPU
		{6F836DD6-6EB4-4D1E-87B7-35A3EEADBB16}.Debug|x86.ActiveCfg = Debug|Any CPU
		{6F836DD6-6EB4-4D1E-87B7-35A3EEADBB16}.Debug|x86.Build.0 = Debug|Any CPU
		{6F836DD6-6EB4-4D1E-87B7-35A3EEADBB16}.Release|Any CPU.ActiveCfg = Release|Any CPU
		{6F836DD6-6EB4-4D1E-87B7-35A3EEADBB16}.Release|Any CPU.Build.0 = Release|Any CPU
		{6F836DD6-6EB4-4D1E-87B7-35A3EEADBB16}.Release|x64.ActiveCfg = Release|Any CPU
		{6F836DD6-6EB4-4D1E-87B7-35A3EEADBB16}.Release|x64.Build.0 = Release|Any CPU
		{6F836DD6-6EB4-4D1E-87B7-35A3EEADBB16}.Release|x86.ActiveCfg = Release|Any CPU
		{6F836DD6-6EB4-4D1E-87B7-35A3EEADBB16}.Release|x86.Build.0 = Release|Any CPU
		{B0548109-677F-42C0-9928-2D8B6B12CFC8}.Debug|Any CPU.ActiveCfg = Debug|Any CPU
		{B0548109-677F-42C0-9928-2D8B6B12CFC8}.Debug|Any CPU.Build.0 = Debug|Any CPU
		{B0548109-677F-42C0-9928-2D8B6B12CFC8}.Debug|x64.ActiveCfg = Debug|Any CPU
		{B0548109-677F-42C0-9928-2D8B6B12CFC8}.Debug|x64.Build.0 = Debug|Any CPU
		{B0548109-677F-42C0-9928-2D8B6B12CFC8}.Debug|x86.ActiveCfg = Debug|Any CPU
		{B0548109-677F-42C0-9928-2D8B6B12CFC8}.Debug|x86.Build.0 = Debug|Any CPU
		{B0548109-677F-42C0-9928-2D8B6B12CFC8}.Release|Any CPU.ActiveCfg = Release|Any CPU
		{B0548109-677F-42C0-9928-2D8B6B12CFC8}.Release|Any CPU.Build.0 = Release|Any CPU
		{B0548109-677F-42C0-9928-2D8B6B12CFC8}.Release|x64.ActiveCfg = Release|Any CPU
		{B0548109-677F-42C0-9928-2D8B6B12CFC8}.Release|x64.Build.0 = Release|Any CPU
		{B0548109-677F-42C0-9928-2D8B6B12CFC8}.Release|x86.ActiveCfg = Release|Any CPU
		{B0548109-677F-42C0-9928-2D8B6B12CFC8}.Release|x86.Build.0 = Release|Any CPU
		{8BD1DF22-2605-43C8-95EA-57AA4DD3D35A}.Debug|Any CPU.ActiveCfg = Debug|Any CPU
		{8BD1DF22-2605-43C8-95EA-57AA4DD3D35A}.Debug|Any CPU.Build.0 = Debug|Any CPU
		{8BD1DF22-2605-43C8-95EA-57AA4DD3D35A}.Debug|x64.ActiveCfg = Debug|Any CPU
		{8BD1DF22-2605-43C8-95EA-57AA4DD3D35A}.Debug|x64.Build.0 = Debug|Any CPU
		{8BD1DF22-2605-43C8-95EA-57AA4DD3D35A}.Debug|x86.ActiveCfg = Debug|Any CPU
		{8BD1DF22-2605-43C8-95EA-57AA4DD3D35A}.Debug|x86.Build.0 = Debug|Any CPU
		{8BD1DF22-2605-43C8-95EA-57AA4DD3D35A}.Release|Any CPU.ActiveCfg = Release|Any CPU
		{8BD1DF22-2605-43C8-95EA-57AA4DD3D35A}.Release|Any CPU.Build.0 = Release|Any CPU
		{8BD1DF22-2605-43C8-95EA-57AA4DD3D35A}.Release|x64.ActiveCfg = Release|Any CPU
		{8BD1DF22-2605-43C8-95EA-57AA4DD3D35A}.Release|x64.Build.0 = Release|Any CPU
		{8BD1DF22-2605-43C8-95EA-57AA4DD3D35A}.Release|x86.ActiveCfg = Release|Any CPU
		{8BD1DF22-2605-43C8-95EA-57AA4DD3D35A}.Release|x86.Build.0 = Release|Any CPU
		{E643C9EB-EDE2-4625-9BA9-83032F07D3C9}.Debug|Any CPU.ActiveCfg = Debug|Any CPU
		{E643C9EB-EDE2-4625-9BA9-83032F07D3C9}.Debug|Any CPU.Build.0 = Debug|Any CPU
		{E643C9EB-EDE2-4625-9BA9-83032F07D3C9}.Debug|x64.ActiveCfg = Debug|Any CPU
		{E643C9EB-EDE2-4625-9BA9-83032F07D3C9}.Debug|x64.Build.0 = Debug|Any CPU
		{E643C9EB-EDE2-4625-9BA9-83032F07D3C9}.Debug|x86.ActiveCfg = Debug|Any CPU
		{E643C9EB-EDE2-4625-9BA9-83032F07D3C9}.Debug|x86.Build.0 = Debug|Any CPU
		{E643C9EB-EDE2-4625-9BA9-83032F07D3C9}.Release|Any CPU.ActiveCfg = Release|Any CPU
		{E643C9EB-EDE2-4625-9BA9-83032F07D3C9}.Release|Any CPU.Build.0 = Release|Any CPU
		{E643C9EB-EDE2-4625-9BA9-83032F07D3C9}.Release|x64.ActiveCfg = Release|Any CPU
		{E643C9EB-EDE2-4625-9BA9-83032F07D3C9}.Release|x64.Build.0 = Release|Any CPU
		{E643C9EB-EDE2-4625-9BA9-83032F07D3C9}.Release|x86.ActiveCfg = Release|Any CPU
		{E643C9EB-EDE2-4625-9BA9-83032F07D3C9}.Release|x86.Build.0 = Release|Any CPU
	EndGlobalSection
	GlobalSection(SolutionProperties) = preSolution
		HideSolutionNode = FALSE
	EndGlobalSection
	GlobalSection(NestedProjects) = preSolution
		{C4269C5F-CC2E-499C-87CF-992533FB9EAF} = {827E0CD3-B72D-47B6-A68D-7590B98EB39B}
		{DC07EAC6-347B-4AD5-B199-3356AEE30FF4} = {827E0CD3-B72D-47B6-A68D-7590B98EB39B}
		{5847113E-7529-4C34-8400-9EB3CB778DE1} = {827E0CD3-B72D-47B6-A68D-7590B98EB39B}
		{6849539D-5E41-4F8D-B40C-7DE8E4CC2105} = {827E0CD3-B72D-47B6-A68D-7590B98EB39B}
		{19A6D4B6-4640-4241-A7C5-D6ED6F632B4B} = {827E0CD3-B72D-47B6-A68D-7590B98EB39B}
		{8304FB44-671C-4521-97B8-87868ED08D82} = {827E0CD3-B72D-47B6-A68D-7590B98EB39B}
		{A2AD8671-B4D7-4A49-858C-BE0760297174} = {827E0CD3-B72D-47B6-A68D-7590B98EB39B}
		{B5515505-A3EB-4766-BD43-6312AC7D772D} = {827E0CD3-B72D-47B6-A68D-7590B98EB39B}
		{408BBF0D-EAE0-48FE-926B-CA76511D4456} = {827E0CD3-B72D-47B6-A68D-7590B98EB39B}
		{86B2AF0A-A138-427E-A5DD-5BE6226E8746} = {827E0CD3-B72D-47B6-A68D-7590B98EB39B}
		{D6974280-8A12-48CD-AA85-635337A4DF90} = {827E0CD3-B72D-47B6-A68D-7590B98EB39B}
		{94073761-C239-4C7F-B79C-F8C888F239FF} = {827E0CD3-B72D-47B6-A68D-7590B98EB39B}
		{6F836DD6-6EB4-4D1E-87B7-35A3EEADBB16} = {827E0CD3-B72D-47B6-A68D-7590B98EB39B}
		{B0548109-677F-42C0-9928-2D8B6B12CFC8} = {827E0CD3-B72D-47B6-A68D-7590B98EB39B}
		{8BD1DF22-2605-43C8-95EA-57AA4DD3D35A} = {827E0CD3-B72D-47B6-A68D-7590B98EB39B}
		{E643C9EB-EDE2-4625-9BA9-83032F07D3C9} = {827E0CD3-B72D-47B6-A68D-7590B98EB39B}
	EndGlobalSection
EndGlobal
